// !$*UTF8*$!
{
	archiveVersion = 1;
	classes = {
	};
	objectVersion = 77;
	objects = {

/* Begin PBXBuildFile section */
		B00000000000000000000001 /* KeyboardShortcuts in Frameworks */ = {isa = PBXBuildFile; productRef = B00000000000000000000002 /* KeyboardShortcuts */; };
		D00000000000000000000002 /* AccurateOCRHelper in Embed OCR helper */ = {isa = PBXBuildFile; fileRef = D00000000000000000000003 /* AccurateOCRHelper */; settings = {ATTRIBUTES = (CodeSignOnCopy, ); }; };
		D00000000000000000000020 /* AccurateOCRHelper/main.swift in Sources */ = {isa = PBXBuildFile; fileRef = D00000000000000000000010 /* AccurateOCRHelper/main.swift */; };
		D00000000000000000000021 /* ScreenText/OCR/Shared/OCRError.swift in Sources */ = {isa = PBXBuildFile; fileRef = D00000000000000000000012 /* ScreenText/OCR/Shared/OCRError.swift */; };
		D00000000000000000000022 /* ScreenText/OCR/Shared/VisionOCREngine.swift in Sources */ = {isa = PBXBuildFile; fileRef = D00000000000000000000013 /* ScreenText/OCR/Shared/VisionOCREngine.swift */; };
		D00000000000000000000023 /* ScreenText/OCR/Shared/OCRTextProcessor.swift in Sources */ = {isa = PBXBuildFile; fileRef = D00000000000000000000014 /* ScreenText/OCR/Shared/OCRTextProcessor.swift */; };
		D00000000000000000000024 /* AccurateOCRHelper/OCRPreparationImage.swift in Sources */ = {isa = PBXBuildFile; fileRef = D00000000000000000000015 /* AccurateOCRHelper/OCRPreparationImage.swift */; };
		D00000000000000000000025 /* ScreenText/OCR/Shared/AccurateOCRProtocol.swift in Sources */ = {isa = PBXBuildFile; fileRef = D00000000000000000000016 /* ScreenText/OCR/Shared/AccurateOCRProtocol.swift */; };
		D00000000000000000000028 /* ScreenText/Coordinates/CoordinateSpaces.swift in Sources */ = {isa = PBXBuildFile; fileRef = D00000000000000000000027 /* ScreenText/Coordinates/CoordinateSpaces.swift */; };
/* End PBXBuildFile section */

/* Begin PBXContainerItemProxy section */
		C00000000000000000000008 /* PBXContainerItemProxy */ = {
			isa = PBXContainerItemProxy;
			containerPortal = A00000000000000000000006 /* Project object */;
			proxyType = 1;
			remoteGlobalIDString = A00000000000000000000007;
			remoteInfo = ScreenText;
		};
		D00000000000000000000009 /* PBXContainerItemProxy */ = {
			isa = PBXContainerItemProxy;
			containerPortal = A00000000000000000000006 /* Project object */;
			proxyType = 1;
			remoteGlobalIDString = D00000000000000000000004;
			remoteInfo = AccurateOCRHelper;
		};
/* End PBXContainerItemProxy section */

/* Begin PBXCopyFilesBuildPhase section */
		D00000000000000000000001 /* Embed OCR helper */ = {
			isa = PBXCopyFilesBuildPhase;
			buildActionMask = 2147483647;
			dstPath = "";
			dstSubfolderSpec = 6;
			files = (
				D00000000000000000000002 /* AccurateOCRHelper in Embed OCR helper */,
			);
			name = "Embed OCR helper";
			runOnlyForDeploymentPostprocessing = 0;
		};
/* End PBXCopyFilesBuildPhase section */

/* Begin PBXFileReference section */
		A00000000000000000000001 /* ScreenText.app */ = {isa = PBXFileReference; explicitFileType = wrapper.application; includeInIndex = 0; path = ScreenText.app; sourceTree = BUILT_PRODUCTS_DIR; };
		C00000000000000000000001 /* ScreenTextTests.xctest */ = {isa = PBXFileReference; explicitFileType = wrapper.cfbundle; includeInIndex = 0; path = ScreenTextTests.xctest; sourceTree = BUILT_PRODUCTS_DIR; };
		D00000000000000000000003 /* AccurateOCRHelper */ = {isa = PBXFileReference; explicitFileType = "compiled.mach-o.executable"; includeInIndex = 0; path = AccurateOCRHelper; sourceTree = BUILT_PRODUCTS_DIR; };
		D00000000000000000000010 /* AccurateOCRHelper/main.swift */ = {isa = PBXFileReference; lastKnownFileType = sourcecode.swift; path = AccurateOCRHelper/main.swift; sourceTree = SOURCE_ROOT; };
		D00000000000000000000011 /* AccurateOCRHelper/AccurateOCRHelper.entitlements */ = {isa = PBXFileReference; lastKnownFileType = text.plist.entitlements; path = AccurateOCRHelper/AccurateOCRHelper.entitlements; sourceTree = SOURCE_ROOT; };
		D00000000000000000000012 /* ScreenText/OCR/Shared/OCRError.swift */ = {isa = PBXFileReference; lastKnownFileType = sourcecode.swift; path = ScreenText/OCR/Shared/OCRError.swift; sourceTree = SOURCE_ROOT; };
		D00000000000000000000013 /* ScreenText/OCR/Shared/VisionOCREngine.swift */ = {isa = PBXFileReference; lastKnownFileType = sourcecode.swift; path = ScreenText/OCR/Shared/VisionOCREngine.swift; sourceTree = SOURCE_ROOT; };
		D00000000000000000000014 /* ScreenText/OCR/Shared/OCRTextProcessor.swift */ = {isa = PBXFileReference; lastKnownFileType = sourcecode.swift; path = ScreenText/OCR/Shared/OCRTextProcessor.swift; sourceTree = SOURCE_ROOT; };
		D00000000000000000000015 /* AccurateOCRHelper/OCRPreparationImage.swift */ = {isa = PBXFileReference; lastKnownFileType = sourcecode.swift; path = AccurateOCRHelper/OCRPreparationImage.swift; sourceTree = SOURCE_ROOT; };
		D00000000000000000000016 /* ScreenText/OCR/Shared/AccurateOCRProtocol.swift */ = {isa = PBXFileReference; lastKnownFileType = sourcecode.swift; path = ScreenText/OCR/Shared/AccurateOCRProtocol.swift; sourceTree = SOURCE_ROOT; };
		D00000000000000000000027 /* ScreenText/Coordinates/CoordinateSpaces.swift */ = {isa = PBXFileReference; lastKnownFileType = sourcecode.swift; path = ScreenText/Coordinates/CoordinateSpaces.swift; sourceTree = SOURCE_ROOT; };
/* End PBXFileReference section */

/* Begin PBXFileSystemSynchronizedBuildFileExceptionSet section */
		A00000000000000000000003 /* Exceptions for "ScreenText" folder in "ScreenText" target */ = {
			isa = PBXFileSystemSynchronizedBuildFileExceptionSet;
			membershipExceptions = (
				Resources/Info.plist,
			);
			target = A00000000000000000000007 /* ScreenText */;
		};
/* End PBXFileSystemSynchronizedBuildFileExceptionSet section */

/* Begin PBXFileSystemSynchronizedRootGroup section */
		A00000000000000000000002 /* ScreenText */ = {
			isa = PBXFileSystemSynchronizedRootGroup;
			exceptions = (
				A00000000000000000000003 /* Exceptions for "ScreenText" folder in "ScreenText" target */,
			);
			path = ScreenText;
			sourceTree = "<group>";
		};
		C00000000000000000000002 /* ScreenTextTests */ = {
			isa = PBXFileSystemSynchronizedRootGroup;
			path = ScreenTextTests;
			sourceTree = "<group>";
		};
/* End PBXFileSystemSynchronizedRootGroup section */

/* Begin PBXFrameworksBuildPhase section */
		A00000000000000000000009 /* Frameworks */ = {
			isa = PBXFrameworksBuildPhase;
			buildActionMask = 2147483647;
			files = (
				B00000000000000000000001 /* KeyboardShortcuts in Frameworks */,
			);
			runOnlyForDeploymentPostprocessing = 0;
		};
		C00000000000000000000005 /* Frameworks */ = {
			isa = PBXFrameworksBuildPhase;
			buildActionMask = 2147483647;
			files = (
			);
			runOnlyForDeploymentPostprocessing = 0;
		};
		D00000000000000000000006 /* Frameworks */ = {
			isa = PBXFrameworksBuildPhase;
			buildActionMask = 2147483647;
			files = (
			);
			runOnlyForDeploymentPostprocessing = 0;
		};
/* End PBXFrameworksBuildPhase section */

/* Begin PBXGroup section */
		A00000000000000000000004 = {
			isa = PBXGroup;
			children = (
				A00000000000000000000002 /* ScreenText */,
				C00000000000000000000002 /* ScreenTextTests */,
				D00000000000000000000007 /* AccurateOCRHelper */,
				A00000000000000000000005 /* Products */,
			);
			sourceTree = "<group>";
		};
		A00000000000000000000005 /* Products */ = {
			isa = PBXGroup;
			children = (
				A00000000000000000000001 /* ScreenText.app */,
				C00000000000000000000001 /* ScreenTextTests.xctest */,
				D00000000000000000000003 /* AccurateOCRHelper */,
			);
			name = Products;
			sourceTree = "<group>";
		};
		D00000000000000000000007 /* AccurateOCRHelper */ = {
			isa = PBXGroup;
			children = (
				D00000000000000000000010 /* AccurateOCRHelper/main.swift */,
				D00000000000000000000015 /* AccurateOCRHelper/OCRPreparationImage.swift */,
				D00000000000000000000011 /* AccurateOCRHelper/AccurateOCRHelper.entitlements */,
				D00000000000000000000026 /* Shared OCR sources */,
			);
			name = AccurateOCRHelper;
			sourceTree = "<group>";
		};
		D00000000000000000000026 /* Shared OCR sources */ = {
			isa = PBXGroup;
			children = (
				D00000000000000000000012 /* ScreenText/OCR/Shared/OCRError.swift */,
				D00000000000000000000013 /* ScreenText/OCR/Shared/VisionOCREngine.swift */,
				D00000000000000000000014 /* ScreenText/OCR/Shared/OCRTextProcessor.swift */,
				D00000000000000000000016 /* ScreenText/OCR/Shared/AccurateOCRProtocol.swift */,
				D00000000000000000000027 /* ScreenText/Coordinates/CoordinateSpaces.swift */,
			);
			name = "Shared OCR sources";
			sourceTree = "<group>";
		};
/* End PBXGroup section */

/* Begin PBXNativeTarget section */
		A00000000000000000000007 /* ScreenText */ = {
			isa = PBXNativeTarget;
			buildConfigurationList = A00000000000000000000011 /* Build configuration list for PBXNativeTarget "ScreenText" */;
			buildPhases = (
				A00000000000000000000008 /* Sources */,
				A00000000000000000000009 /* Frameworks */,
				A0000000000000000000000A /* Resources */,
				2F6E11493069420200BDE42D /* ShellScript */,
				D00000000000000000000001 /* Embed OCR helper */,
			);
			buildRules = (
			);
			dependencies = (
				D00000000000000000000008 /* PBXTargetDependency */,
			);
			fileSystemSynchronizedGroups = (
				A00000000000000000000002 /* ScreenText */,
			);
			name = ScreenText;
			packageProductDependencies = (
				B00000000000000000000002 /* KeyboardShortcuts */,
			);
			productName = ScreenText;
			productReference = A00000000000000000000001 /* ScreenText.app */;
			productType = "com.apple.product-type.application";
		};
		C00000000000000000000003 /* ScreenTextTests */ = {
			isa = PBXNativeTarget;
			buildConfigurationList = C0000000000000000000000A /* Build configuration list for PBXNativeTarget "ScreenTextTests" */;
			buildPhases = (
				C00000000000000000000004 /* Sources */,
				C00000000000000000000005 /* Frameworks */,
				C00000000000000000000006 /* Resources */,
			);
			buildRules = (
			);
			dependencies = (
				C00000000000000000000007 /* PBXTargetDependency */,
			);
			fileSystemSynchronizedGroups = (
				C00000000000000000000002 /* ScreenTextTests */,
			);
			name = ScreenTextTests;
			packageProductDependencies = (
			);
			productName = ScreenTextTests;
			productReference = C00000000000000000000001 /* ScreenTextTests.xctest */;
			productType = "com.apple.product-type.bundle.unit-test";
		};
		D00000000000000000000004 /* AccurateOCRHelper */ = {
			isa = PBXNativeTarget;
			buildConfigurationList = D0000000000000000000000C /* Build configuration list for PBXNativeTarget "AccurateOCRHelper" */;
			buildPhases = (
				D00000000000000000000005 /* Sources */,
				D00000000000000000000006 /* Frameworks */,
			);
			buildRules = (
			);
			dependencies = (
			);
			name = AccurateOCRHelper;
			productName = AccurateOCRHelper;
			productReference = D00000000000000000000003 /* AccurateOCRHelper */;
			productType = "com.apple.product-type.tool";
		};
/* End PBXNativeTarget section */

/* Begin PBXProject section */
		A00000000000000000000006 /* Project object */ = {
			isa = PBXProject;
			attributes = {
				BuildIndependentTargetsInParallel = YES;
				LastSwiftUpdateCheck = 1600;
				LastUpgradeCheck = 1600;
				TargetAttributes = {
					A00000000000000000000007 = {
						CreatedOnToolsVersion = 16.0;
					};
					D00000000000000000000004 = {
						CreatedOnToolsVersion = 16.0;
					};
				};
			};
			buildConfigurationList = A00000000000000000000010 /* Build configuration list for PBXProject "ScreenText" */;
			developmentRegion = en;
			hasScannedForEncodings = 0;
			knownRegions = (
				en,
				Base,
			);
			mainGroup = A00000000000000000000004;
			minimizedProjectReferenceProxies = 1;
			packageReferences = (
				B00000000000000000000003 /* XCRemoteSwiftPackageReference "KeyboardShortcuts" */,
			);
			preferredProjectObjectVersion = 77;
			productRefGroup = A00000000000000000000005 /* Products */;
			projectDirPath = "";
			projectRoot = "";
			targets = (
				A00000000000000000000007 /* ScreenText */,
				C00000000000000000000003 /* ScreenTextTests */,
				D00000000000000000000004 /* AccurateOCRHelper */,
			);
		};
/* End PBXProject section */

/* Begin PBXResourcesBuildPhase section */
		A0000000000000000000000A /* Resources */ = {
			isa = PBXResourcesBuildPhase;
			buildActionMask = 2147483647;
			files = (
			);
			runOnlyForDeploymentPostprocessing = 0;
		};
		C00000000000000000000006 /* Resources */ = {
			isa = PBXResourcesBuildPhase;
			buildActionMask = 2147483647;
			files = (
			);
			runOnlyForDeploymentPostprocessing = 0;
		};
/* End PBXResourcesBuildPhase section */

/* Begin PBXShellScriptBuildPhase section */
		2F6E11493069420200BDE42D /* ShellScript */ = {
			isa = PBXShellScriptBuildPhase;
			buildActionMask = 2147483647;
			files = (
			);
			inputFileListPaths = (
			);
			inputPaths = (
			);
			outputFileListPaths = (
			);
			outputPaths = (
			);
			runOnlyForDeploymentPostprocessing = 0;
			shellPath = /bin/sh;
			shellScript = "export PATH=\"/opt/homebrew/bin:/usr/local/bin:$PATH\"\n\nif ! command -v swiftlint >/dev/null 2>&1; then\n    echo \"error: SwiftLint not installed\"\n    exit 1\nfi\n\nswiftlint lint \\\n    --config \"${SRCROOT}/.swiftlint.yml\" \\\n    --strict\n";
		};
/* End PBXShellScriptBuildPhase section */

/* Begin PBXSourcesBuildPhase section */
		A00000000000000000000008 /* Sources */ = {
			isa = PBXSourcesBuildPhase;
			buildActionMask = 2147483647;
			files = (
			);
			runOnlyForDeploymentPostprocessing = 0;
		};
		C00000000000000000000004 /* Sources */ = {
			isa = PBXSourcesBuildPhase;
			buildActionMask = 2147483647;
			files = (
			);
			runOnlyForDeploymentPostprocessing = 0;
		};
		D00000000000000000000005 /* Sources */ = {
			isa = PBXSourcesBuildPhase;
			buildActionMask = 2147483647;
			files = (
				D00000000000000000000020 /* AccurateOCRHelper/main.swift in Sources */,
				D00000000000000000000021 /* ScreenText/OCR/Shared/OCRError.swift in Sources */,
				D00000000000000000000022 /* ScreenText/OCR/Shared/VisionOCREngine.swift in Sources */,
				D00000000000000000000023 /* ScreenText/OCR/Shared/OCRTextProcessor.swift in Sources */,
				D00000000000000000000024 /* AccurateOCRHelper/OCRPreparationImage.swift in Sources */,
				D00000000000000000000025 /* ScreenText/OCR/Shared/AccurateOCRProtocol.swift in Sources */,
				D00000000000000000000028 /* ScreenText/Coordinates/CoordinateSpaces.swift in Sources */,
			);
			runOnlyForDeploymentPostprocessing = 0;
		};
/* End PBXSourcesBuildPhase section */

/* Begin PBXTargetDependency section */
		C00000000000000000000007 /* PBXTargetDependency */ = {
			isa = PBXTargetDependency;
			target = A00000000000000000000007 /* ScreenText */;
			targetProxy = C00000000000000000000008 /* PBXContainerItemProxy */;
		};
		D00000000000000000000008 /* PBXTargetDependency */ = {
			isa = PBXTargetDependency;
			target = D00000000000000000000004 /* AccurateOCRHelper */;
			targetProxy = D00000000000000000000009 /* PBXContainerItemProxy */;
		};
/* End PBXTargetDependency section */

/* Begin XCBuildConfiguration section */
		A00000000000000000000012 /* Debug */ = {
			isa = XCBuildConfiguration;
			buildSettings = {
				CLANG_ENABLE_MODULES = YES;
				CLANG_ENABLE_OBJC_ARC = YES;
				COPY_PHASE_STRIP = NO;
				DEBUG_INFORMATION_FORMAT = dwarf;
				ENABLE_TESTABILITY = YES;
				GCC_OPTIMIZATION_LEVEL = 0;
				MACOSX_DEPLOYMENT_TARGET = 14.0;
				ONLY_ACTIVE_ARCH = YES;
				SDKROOT = macosx;
				SWIFT_ACTIVE_COMPILATION_CONDITIONS = "DEBUG $(inherited)";
				SWIFT_OPTIMIZATION_LEVEL = "-Onone";
			};
			name = Debug;
		};
		A00000000000000000000013 /* Release */ = {
			isa = XCBuildConfiguration;
			buildSettings = {
				CLANG_ENABLE_MODULES = YES;
				CLANG_ENABLE_OBJC_ARC = YES;
				COPY_PHASE_STRIP = NO;
				DEBUG_INFORMATION_FORMAT = "dwarf-with-dsym";
				MACOSX_DEPLOYMENT_TARGET = 14.0;
				SDKROOT = macosx;
				SWIFT_COMPILATION_MODE = wholemodule;
				SWIFT_OPTIMIZATION_LEVEL = "-O";
			};
			name = Release;
		};
		A00000000000000000000014 /* Debug */ = {
			isa = XCBuildConfiguration;
			buildSettings = {
				CODE_SIGN_ENTITLEMENTS = ScreenText/Resources/ScreenText.entitlements;
				"CODE_SIGN_IDENTITY[sdk=macosx*]" = "Apple Development";
				CODE_SIGN_STYLE = Automatic;
				COMBINE_HIDPI_IMAGES = YES;
				CURRENT_PROJECT_VERSION = 1;
				DEVELOPMENT_TEAM = 3A8S4JBAZ2;
				ENABLE_APP_SANDBOX = YES;
				ENABLE_HARDENED_RUNTIME = YES;
				GENERATE_INFOPLIST_FILE = NO;
				INFOPLIST_FILE = ScreenText/Resources/Info.plist;
				LD_RUNPATH_SEARCH_PATHS = (
					"$(inherited)",
					"@executable_path/../Frameworks",
				);
				MARKETING_VERSION = 0.1.0;
				PRODUCT_BUNDLE_IDENTIFIER = com.screentext.ScreenText;
				PRODUCT_NAME = "$(TARGET_NAME)";
				SWIFT_STRICT_CONCURRENCY = complete;
				SWIFT_VERSION = 6.0;
			};
			name = Debug;
		};
		A00000000000000000000015 /* Release */ = {
			isa = XCBuildConfiguration;
			buildSettings = {
				CODE_SIGN_ENTITLEMENTS = ScreenText/Resources/ScreenText.entitlements;
				"CODE_SIGN_IDENTITY[sdk=macosx*]" = "Apple Development";
				CODE_SIGN_STYLE = Automatic;
				COMBINE_HIDPI_IMAGES = YES;
				CURRENT_PROJECT_VERSION = 1;
				DEVELOPMENT_TEAM = 3A8S4JBAZ2;
				ENABLE_APP_SANDBOX = YES;
				ENABLE_HARDENED_RUNTIME = YES;
				GENERATE_INFOPLIST_FILE = NO;
				INFOPLIST_FILE = ScreenText/Resources/Info.plist;
				LD_RUNPATH_SEARCH_PATHS = (
					"$(inherited)",
					"@executable_path/../Frameworks",
				);
				MARKETING_VERSION = 0.1.0;
				PRODUCT_BUNDLE_IDENTIFIER = com.screentext.ScreenText;
				PRODUCT_NAME = "$(TARGET_NAME)";
				SWIFT_STRICT_CONCURRENCY = complete;
				SWIFT_VERSION = 6.0;
			};
			name = Release;
		};
		C0000000000000000000000B /* Debug */ = {
			isa = XCBuildConfiguration;
			buildSettings = {
				BUNDLE_LOADER = "$(TEST_HOST)";
				CODE_SIGN_STYLE = Automatic;
				GENERATE_INFOPLIST_FILE = YES;
				LD_RUNPATH_SEARCH_PATHS = (
					"$(inherited)",
					"@executable_path/../Frameworks",
					"@loader_path/../Frameworks",
				);
				PRODUCT_BUNDLE_IDENTIFIER = com.screentext.ScreenTextTests;
				PRODUCT_NAME = "$(TARGET_NAME)";
				SWIFT_VERSION = 6.0;
				TEST_HOST = "$(BUILT_PRODUCTS_DIR)/ScreenText.app/Contents/MacOS/ScreenText";
			};
			name = Debug;
		};
		C0000000000000000000000C /* Release */ = {
			isa = XCBuildConfiguration;
			buildSettings = {
				BUNDLE_LOADER = "$(TEST_HOST)";
				CODE_SIGN_STYLE = Automatic;
				GENERATE_INFOPLIST_FILE = YES;
				LD_RUNPATH_SEARCH_PATHS = (
					"$(inherited)",
					"@executable_path/../Frameworks",
					"@loader_path/../Frameworks",
				);
				PRODUCT_BUNDLE_IDENTIFIER = com.screentext.ScreenTextTests;
				PRODUCT_NAME = "$(TARGET_NAME)";
				SWIFT_VERSION = 6.0;
				TEST_HOST = "$(BUILT_PRODUCTS_DIR)/ScreenText.app/Contents/MacOS/ScreenText";
			};
			name = Release;
		};
		D0000000000000000000000A /* Debug */ = {
			isa = XCBuildConfiguration;
			buildSettings = {
				"CODE_SIGN_IDENTITY[sdk=macosx*]" = "Apple Development";
				CODE_SIGN_INJECT_BASE_ENTITLEMENTS = NO;
				CODE_SIGN_STYLE = Automatic;
				DEVELOPMENT_TEAM = 3A8S4JBAZ2;
				ENABLE_APP_SANDBOX = NO;
				ENABLE_DEBUG_DYLIB = NO;
				ENABLE_HARDENED_RUNTIME = YES;
				ENTITLEMENTS_ALLOWED = NO;
				ENTITLEMENTS_REQUIRED = NO;
				GENERATE_INFOPLIST_FILE = NO;
				OTHER_CODE_SIGN_FLAGS = "$(inherited) --entitlements \"$(SRCROOT)/AccurateOCRHelper/AccurateOCRHelper.entitlements\" -i $(PRODUCT_BUNDLE_IDENTIFIER)";
				PRODUCT_BUNDLE_IDENTIFIER = com.screentext.ScreenText.AccurateOCRHelper;
				PRODUCT_NAME = "$(TARGET_NAME)";
				SKIP_INSTALL = YES;
				SWIFT_STRICT_CONCURRENCY = complete;
				SWIFT_VERSION = 6.0;
			};
			name = Debug;
		};
		D0000000000000000000000B /* Release */ = {
			isa = XCBuildConfiguration;
			buildSettings = {
				"CODE_SIGN_IDENTITY[sdk=macosx*]" = "Apple Development";
				CODE_SIGN_INJECT_BASE_ENTITLEMENTS = NO;
				CODE_SIGN_STYLE = Automatic;
				DEVELOPMENT_TEAM = 3A8S4JBAZ2;
				ENABLE_APP_SANDBOX = NO;
				ENABLE_DEBUG_DYLIB = NO;
				ENABLE_HARDENED_RUNTIME = YES;
				ENTITLEMENTS_ALLOWED = NO;
				ENTITLEMENTS_REQUIRED = NO;
				GENERATE_INFOPLIST_FILE = NO;
				OTHER_CODE_SIGN_FLAGS = "$(inherited) --entitlements \"$(SRCROOT)/AccurateOCRHelper/AccurateOCRHelper.entitlements\" -i $(PRODUCT_BUNDLE_IDENTIFIER)";
				PRODUCT_BUNDLE_IDENTIFIER = com.screentext.ScreenText.AccurateOCRHelper;
				PRODUCT_NAME = "$(TARGET_NAME)";
				SKIP_INSTALL = YES;
				SWIFT_STRICT_CONCURRENCY = complete;
				SWIFT_VERSION = 6.0;
			};
			name = Release;
		};
/* End XCBuildConfiguration section */

/* Begin XCConfigurationList section */
		A00000000000000000000010 /* Build configuration list for PBXProject "ScreenText" */ = {
			isa = XCConfigurationList;
			buildConfigurations = (
				A00000000000000000000012 /* Debug */,
				A00000000000000000000013 /* Release */,
			);
			defaultConfigurationIsVisible = 0;
			defaultConfigurationName = Release;
		};
		A00000000000000000000011 /* Build configuration list for PBXNativeTarget "ScreenText" */ = {
			isa = XCConfigurationList;
			buildConfigurations = (
				A00000000000000000000014 /* Debug */,
				A00000000000000000000015 /* Release */,
			);
			defaultConfigurationIsVisible = 0;
			defaultConfigurationName = Release;
		};
		C0000000000000000000000A /* Build configuration list for PBXNativeTarget "ScreenTextTests" */ = {
			isa = XCConfigurationList;
			buildConfigurations = (
				C0000000000000000000000B /* Debug */,
				C0000000000000000000000C /* Release */,
			);
			defaultConfigurationIsVisible = 0;
			defaultConfigurationName = Release;
		};
		D0000000000000000000000C /* Build configuration list for PBXNativeTarget "AccurateOCRHelper" */ = {
			isa = XCConfigurationList;
			buildConfigurations = (
				D0000000000000000000000A /* Debug */,
				D0000000000000000000000B /* Release */,
			);
			defaultConfigurationIsVisible = 0;
			defaultConfigurationName = Release;
		};
/* End XCConfigurationList section */

/* Begin XCRemoteSwiftPackageReference section */
		B00000000000000000000003 /* XCRemoteSwiftPackageReference "KeyboardShortcuts" */ = {
			isa = XCRemoteSwiftPackageReference;
			repositoryURL = "https://github.com/sindresorhus/KeyboardShortcuts";
			requirement = {
				kind = exactVersion;
				version = 3.1.0;
			};
		};
/* End XCRemoteSwiftPackageReference section */

/* Begin XCSwiftPackageProductDependency section */
		B00000000000000000000002 /* KeyboardShortcuts */ = {
			isa = XCSwiftPackageProductDependency;
			package = B00000000000000000000003 /* XCRemoteSwiftPackageReference "KeyboardShortcuts" */;
			productName = KeyboardShortcuts;
		};
/* End XCSwiftPackageProductDependency section */
	};
	rootObject = A00000000000000000000006 /* Project object */;
}
